
Microsoft Visual Studio Solution File, Format Version 12.00
# Visual Studio Version 16
VisualStudioVersion = 16.0.30204.135
MinimumVisualStudioVersion = 10.0.40219.1
Project("{FAE04EC0-301F-11D3-BF4B-00C04F79EFBC}") = "DirectoryScanner", "DirectoryScanner\DirectoryScanner.csproj", "{C0BBB859-912E-4D55-87D7-D61978F78AF2}"
EndProject
Global
	GlobalSection(SolutionConfigurationPlatforms) = preSolution
		Debug|Any CPU = Debug|Any CPU
		Release|Any CPU = Release|Any CPU
	EndGlobalSection
	GlobalSection(ProjectConfigurationPlatforms) = postSolution
		{C0BBB859-912E-4D55-87D7-D61978F78AF2}.Debug|Any CPU.ActiveCfg = Debug|Any CPU
		{C0BBB859-912E-4D55-87D7-D61978F78AF2}.Debug|Any CPU.Build.0 = Debug|Any CPU
		{C0BBB859-912E-4D55-87D7-D61978F78AF2}.Release|Any CPU.ActiveCfg = Release|Any CPU
		{C0BBB859-912E-4D55-87D7-D61978F78AF2}.Release|Any CPU.Build.0 = Release|Any CPU
	EndGlobalSection
	GlobalSection(SolutionProperties) = preSolution
		HideSolutionNode = FALSE
	EndGlobalSection
	GlobalSection(ExtensibilityGlobals) = postSolution
		SolutionGuid = {6A380750-B592-429F-A018-78B8D49CDBE2}
	EndGlobalSection
EndGlobal
